{
  "nodes": {
    "base16-schemes": {
      "flake": false,
      "locked": {
        "lastModified": 1689473676,
        "narHash": "sha256-L0RhUr9+W5EPWBpLcmkKpUeCEWRs/kLzVMF3Vao2ZU0=",
        "owner": "tinted-theming",
        "repo": "base16-schemes",
        "rev": "d95123ca6377cd849cfdce92c0a24406b0c6a789",
        "type": "github"
      },
      "original": {
        "owner": "tinted-theming",
        "repo": "base16-schemes",
        "type": "github"
      }
    },
    "flake-compat": {
      "flake": false,
      "locked": {
        "lastModified": 1673956053,
        "narHash": "sha256-4gtG9iQuiKITOjNQQeQIpoIB6b16fm+504Ch3sNKLd8=",
        "owner": "edolstra",
        "repo": "flake-compat",
        "rev": "35bb57c0c8d8b62bbfd284272c928ceb64ddbde9",
        "type": "github"
      },
      "original": {
        "owner": "edolstra",
        "repo": "flake-compat",
        "type": "github"
      }
    },
    "flake-utils": {
      "inputs": {
        "systems": "systems"
      },
      "locked": {
        "lastModified": 1694529238,
        "narHash": "sha256-zsNZZGTGnMOf9YpHKJqMSsa0dXbfmxeoJ7xHlrt+xmY=",
        "owner": "numtide",
        "repo": "flake-utils",
        "rev": "ff7b65b44d01cf9ba6a71320833626af21126384",
        "type": "github"
      },
      "original": {
        "owner": "numtide",
        "repo": "flake-utils",
        "type": "github"
      }
    },
    "home-manager": {
      "inputs": {
        "nixpkgs": [
          "master"
        ]
      },
      "locked": {
        "lastModified": 1697964592,
        "narHash": "sha256-fua0LKNLkYYK2Dgdm9P+VPdqrVgDXUIx+EkQAQByhuc=",
        "owner": "nix-community",
        "repo": "home-manager",
        "rev": "219d268a69512ff520fe8da1739ac22d95d52355",
        "type": "github"
      },
      "original": {
        "owner": "nix-community",
        "repo": "home-manager",
        "type": "github"
      }
    },
    "lowdown-src": {
      "flake": false,
      "locked": {
        "lastModified": 1633514407,
        "narHash": "sha256-Dw32tiMjdK9t3ETl5fzGrutQTzh2rufgZV4A/BbxuD4=",
        "owner": "kristapsdz",
        "repo": "lowdown",
        "rev": "d2c2b44ff6c27b936ec27358a2653caaef8f73b8",
        "type": "github"
      },
      "original": {
        "owner": "kristapsdz",
        "repo": "lowdown",
        "type": "github"
      }
    },
    "master": {
      "locked": {
        "lastModified": 1698055800,
        "narHash": "sha256-Q9jyFqRF3+lxiotyBQCGe5VlCHgc7ZXvR8sXaOk/6WU=",
        "owner": "nixos",
        "repo": "nixpkgs",
        "rev": "fe0f52e9c3ad97e29b003a6fd976bac922feaa5c",
        "type": "github"
      },
      "original": {
        "owner": "nixos",
        "ref": "master",
        "repo": "nixpkgs",
        "type": "github"
      }
    },
    "nix": {
      "inputs": {
        "flake-compat": "flake-compat",
        "lowdown-src": "lowdown-src",
        "nixpkgs": [
          "master"
        ],
        "nixpkgs-regression": "nixpkgs-regression"
      },
      "locked": {
        "lastModified": 1698054124,
        "narHash": "sha256-PzR2aW/I4Zu/KTPlSTZBO/e7a9aKnTsakAYPBW0WEII=",
        "owner": "nixos",
        "repo": "nix",
        "rev": "955bbe53c5e7e742f7f584c54f54b09fd5ce4009",
        "type": "github"
      },
      "original": {
        "owner": "nixos",
        "repo": "nix",
        "type": "github"
      }
    },
    "nix-colors": {
      "inputs": {
        "base16-schemes": "base16-schemes",
        "nixpkgs-lib": "nixpkgs-lib"
      },
      "locked": {
        "lastModified": 1695388192,
        "narHash": "sha256-2jelpE7xK+4M7jZNyWL7QYOYegQLYBDQS5bvdo8XRUQ=",
        "owner": "misterio77",
        "repo": "nix-colors",
        "rev": "37227f274b34a3b51649166deb94ce7fec2c6a4c",
        "type": "github"
      },
      "original": {
        "owner": "misterio77",
        "repo": "nix-colors",
        "type": "github"
      }
    },
    "nix-software-center": {
      "inputs": {
        "nixpkgs": [
          "master"
        ],
        "utils": [
          "flake-utils"
        ]
      },
      "locked": {
        "lastModified": 1693158194,
        "narHash": "sha256-jDTKAmei9UgwoVHAskalRilTunWYlWOESNGY4BKscuU=",
        "owner": "vlinkz",
        "repo": "nix-software-center",
        "rev": "8faa762f9b710520f8b7f81f4892a6e0aba749dc",
        "type": "github"
      },
      "original": {
        "owner": "vlinkz",
        "repo": "nix-software-center",
        "type": "github"
      }
    },
    "nix-zsh-completions": {
      "flake": false,
      "locked": {
        "lastModified": 1696846724,
        "narHash": "sha256-JStpIKU+jU6TkXToTONfdEhLjaASGzC+tRmSJRiqKWU=",
        "owner": "nix-community",
        "repo": "nix-zsh-completions",
        "rev": "a7c8781b5a18026fbc3edb36397931526f243590",
        "type": "github"
      },
      "original": {
        "owner": "nix-community",
        "repo": "nix-zsh-completions",
        "type": "github"
      }
    },
    "nixos-conf-editor": {
      "inputs": {
        "nixpkgs": [
          "master"
        ],
        "utils": [
          "flake-utils"
        ]
      },
      "locked": {
        "lastModified": 1693158499,
        "narHash": "sha256-ZH9JuhYK4hUgDB64vpLfuqJz6gK+ErhLO0rHxNEdbbk=",
        "owner": "vlinkz",
        "repo": "nixos-conf-editor",
        "rev": "e49b88f33a9357ea825a290564d6d472469f3290",
        "type": "github"
      },
      "original": {
        "owner": "vlinkz",
        "repo": "nixos-conf-editor",
        "type": "github"
      }
    },
    "nixos-hardware": {
      "locked": {
        "lastModified": 1698053470,
        "narHash": "sha256-sP8D/41UiwC2qn0X40oi+DfuVzNHMROqIWdSdCI/AYA=",
        "owner": "nixos",
        "repo": "nixos-hardware",
        "rev": "80d98a7d55c6e27954a166cb583a41325e9512d7",
        "type": "github"
      },
      "original": {
        "owner": "nixos",
        "repo": "nixos-hardware",
        "type": "github"
      }
    },
    "nixpkgs-lib": {
      "locked": {
        "lastModified": 1694911725,
        "narHash": "sha256-8YqI+YU1DGclEjHsnrrGfqsQg3Wyga1DfTbJrN3Ud0c=",
        "owner": "nix-community",
        "repo": "nixpkgs.lib",
        "rev": "819180647f428a3826bfc917a54449da1e532ce0",
        "type": "github"
      },
      "original": {
        "owner": "nix-community",
        "repo": "nixpkgs.lib",
        "type": "github"
      }
    },
    "nixpkgs-regression": {
      "locked": {
        "lastModified": 1643052045,
        "narHash": "sha256-uGJ0VXIhWKGXxkeNnq4TvV3CIOkUJ3PAoLZ3HMzNVMw=",
        "owner": "NixOS",
        "repo": "nixpkgs",
        "rev": "215d4d0fd80ca5163643b03a33fde804a29cc1e2",
        "type": "github"
      },
      "original": {
        "owner": "NixOS",
        "repo": "nixpkgs",
        "rev": "215d4d0fd80ca5163643b03a33fde804a29cc1e2",
        "type": "github"
      }
    },
    "nur": {
      "locked": {
        "lastModified": 1698050421,
        "narHash": "sha256-3wVoW+uYh9EhsSP0pbJXw+1L0z99XmZ0nLAXxJePrZo=",
        "owner": "nix-community",
        "repo": "NUR",
        "rev": "e0e407ad6815d4dba8daea4e1b4e47749ef140f6",
        "type": "github"
      },
      "original": {
        "owner": "nix-community",
        "repo": "NUR",
        "type": "github"
      }
    },
    "root": {
      "inputs": {
        "flake-utils": "flake-utils",
        "home-manager": "home-manager",
        "master": "master",
        "nix": "nix",
        "nix-colors": "nix-colors",
        "nix-software-center": "nix-software-center",
        "nix-zsh-completions": "nix-zsh-completions",
        "nixos-conf-editor": "nixos-conf-editor",
        "nixos-hardware": "nixos-hardware",
        "nixpkgs": [
          "master"
        ],
        "nur": "nur",
        "sops-nix": "sops-nix",
        "zsh-completions": "zsh-completions",
        "zsh-nix-shell": "zsh-nix-shell",
        "zsh-syntax-highlighting": "zsh-syntax-highlighting"
      }
    },
    "sops-nix": {
      "inputs": {
        "nixpkgs": [
          "master"
        ],
        "nixpkgs-stable": [
          "master"
        ]
      },
      "locked": {
        "lastModified": 1697943852,
        "narHash": "sha256-DaBxUPaZhQ3yLCmAATshYB7qo7NwcMvSFWz9T3bjYYY=",
        "owner": "mic92",
        "repo": "sops-nix",
        "rev": "30a0ba4a20703b4bfe047fe5def1fc24978e322c",
        "type": "github"
      },
      "original": {
        "owner": "mic92",
        "repo": "sops-nix",
        "type": "github"
      }
    },
    "systems": {
      "locked": {
        "lastModified": 1681028828,
        "narHash": "sha256-Vy1rq5AaRuLzOxct8nz4T6wlgyUR7zLU309k9mBC768=",
        "owner": "nix-systems",
        "repo": "default",
        "rev": "da67096a3b9bf56a91d16901293e51ba5b49a27e",
        "type": "github"
      },
      "original": {
        "owner": "nix-systems",
        "repo": "default",
        "type": "github"
      }
    },
    "zsh-completions": {
      "flake": false,
      "locked": {
        "lastModified": 1697900872,
        "narHash": "sha256-k8x1RZf/ULpj25pDUEL14aHoBfFxW6GM7/YtD+1na00=",
        "owner": "zsh-users",
        "repo": "zsh-completions",
        "rev": "ac96055f0c4c2cad282d8c17a8e608899506573f",
        "type": "github"
      },
      "original": {
        "owner": "zsh-users",
        "repo": "zsh-completions",
        "type": "github"
      }
    },
    "zsh-nix-shell": {
      "flake": false,
      "locked": {
        "lastModified": 1693571504,
        "narHash": "sha256-dE86o8LfEfswIIP9r0BJpxWvkoYdu7VQcJOKTLYqtWs=",
        "owner": "chisui",
        "repo": "zsh-nix-shell",
        "rev": "406ce293f5302fdebca56f8c59ec615743260604",
        "type": "github"
      },
      "original": {
        "owner": "chisui",
        "repo": "zsh-nix-shell",
        "type": "github"
      }
    },
    "zsh-syntax-highlighting": {
      "flake": false,
      "locked": {
        "lastModified": 1693974187,
        "narHash": "sha256-TKGCck51qQ50dQGntKaeSk8waK3BlwUjueg4MImTH8k=",
        "owner": "zsh-users",
        "repo": "zsh-syntax-highlighting",
        "rev": "143b25eb98aa3227af63bd7f04413e1b3e7888ec",
        "type": "github"
      },
      "original": {
        "owner": "zsh-users",
        "repo": "zsh-syntax-highlighting",
        "type": "github"
      }
    }
  },
  "root": "root",
  "version": 7
}
